
Microsoft Visual Studio Solution File, Format Version 12.00
# Visual Studio 15
VisualStudioVersion = 15.0.27428.2043
MinimumVisualStudioVersion = 10.0.40219.1
Project("{FAE04EC0-301F-11D3-BF4B-00C04F79EFBC}") = "BST2", "BST2\BST2.csproj", "{3835CB55-36A5-41FF-A5D1-4D3930C231D0}"
EndProject
Global
	GlobalSection(SolutionConfigurationPlatforms) = preSolution
		Debug|Any CPU = Debug|Any CPU
		Release|Any CPU = Release|Any CPU
	EndGlobalSection
	GlobalSection(ProjectConfigurationPlatforms) = postSolution
		{3835CB55-36A5-41FF-A5D1-4D3930C231D0}.Debug|Any CPU.ActiveCfg = Debug|Any CPU
		{3835CB55-36A5-41FF-A5D1-4D3930C231D0}.Debug|Any CPU.Build.0 = Debug|Any CPU
		{3835CB55-36A5-41FF-A5D1-4D3930C231D0}.Release|Any CPU.ActiveCfg = Release|Any CPU
		{3835CB55-36A5-41FF-A5D1-4D3930C231D0}.Release|Any CPU.Build.0 = Release|Any CPU
	EndGlobalSection
	GlobalSection(SolutionProperties) = preSolution
		HideSolutionNode = FALSE
	EndGlobalSection
	GlobalSection(ExtensibilityGlobals) = postSolution
		SolutionGuid = {D93F9ED5-3970-4C4A-AC6B-56474832EADB}
	EndGlobalSection
EndGlobal
